// !$*UTF8*$!
{
	archiveVersion = 1;
	classes = {
	};
	objectVersion = 46;
	objects = {

/* Begin PBXBuildFile section */
		F690B831170A85A6000A6639 /* UIKit.framework in Frameworks */ = {isa = PBXBuildFile; fileRef = F690B830170A85A6000A6639 /* UIKit.framework */; };
		F690B833170A85A6000A6639 /* Foundation.framework in Frameworks */ = {isa = PBXBuildFile; fileRef = F690B832170A85A6000A6639 /* Foundation.framework */; };
		F690B835170A85A6000A6639 /* CoreGraphics.framework in Frameworks */ = {isa = PBXBuildFile; fileRef = F690B834170A85A6000A6639 /* CoreGraphics.framework */; };
		F690B83B170A85A6000A6639 /* InfoPlist.strings in Resources */ = {isa = PBXBuildFile; fileRef = F690B839170A85A6000A6639 /* InfoPlist.strings */; };
		F690B83D170A85A6000A6639 /* main.m in Sources */ = {isa = PBXBuildFile; fileRef = F690B83C170A85A6000A6639 /* main.m */; };
		F690B841170A85A6000A6639 /* VKardAppDelegate.m in Sources */ = {isa = PBXBuildFile; fileRef = F690B840170A85A6000A6639 /* VKardAppDelegate.m */; };
		F690B843170A85A6000A6639 /* Default.png in Resources */ = {isa = PBXBuildFile; fileRef = F690B842170A85A6000A6639 /* Default.png */; };
		F690B845170A85A6000A6639 /* Default@2x.png in Resources */ = {isa = PBXBuildFile; fileRef = F690B844170A85A6000A6639 /* Default@2x.png */; };
		F690B847170A85A6000A6639 /* Default-568h@2x.png in Resources */ = {isa = PBXBuildFile; fileRef = F690B846170A85A6000A6639 /* Default-568h@2x.png */; };
		F690B84A170A85A6000A6639 /* VKardViewController.m in Sources */ = {isa = PBXBuildFile; fileRef = F690B849170A85A6000A6639 /* VKardViewController.m */; };
		F690B84D170A85A6000A6639 /* VKardViewController_iPhone.xib in Resources */ = {isa = PBXBuildFile; fileRef = F690B84B170A85A6000A6639 /* VKardViewController_iPhone.xib */; };
		F690B850170A85A7000A6639 /* VKardViewController_iPad.xib in Resources */ = {isa = PBXBuildFile; fileRef = F690B84E170A85A7000A6639 /* VKardViewController_iPad.xib */; };
		F690B858170A87B1000A6639 /* pass.json in Resources */ = {isa = PBXBuildFile; fileRef = F690B857170A87B1000A6639 /* pass.json */; };
		F690B85A170A93C7000A6639 /* manifest.json in Resources */ = {isa = PBXBuildFile; fileRef = F690B859170A93C7000A6639 /* manifest.json */; };
/* End PBXBuildFile section */

/* Begin PBXFileReference section */
		F690B82D170A85A6000A6639 /* PassbookSample.app */ = {isa = PBXFileReference; explicitFileType = wrapper.application; includeInIndex = 0; path = PassbookSample.app; sourceTree = BUILT_PRODUCTS_DIR; };
		F690B830170A85A6000A6639 /* UIKit.framework */ = {isa = PBXFileReference; lastKnownFileType = wrapper.framework; name = UIKit.framework; path = System/Library/Frameworks/UIKit.framework; sourceTree = SDKROOT; };
		F690B832170A85A6000A6639 /* Foundation.framework */ = {isa = PBXFileReference; lastKnownFileType = wrapper.framework; name = Foundation.framework; path = System/Library/Frameworks/Foundation.framework; sourceTree = SDKROOT; };
		F690B834170A85A6000A6639 /* CoreGraphics.framework */ = {isa = PBXFileReference; lastKnownFileType = wrapper.framework; name = CoreGraphics.framework; path = System/Library/Frameworks/CoreGraphics.framework; sourceTree = SDKROOT; };
		F690B838170A85A6000A6639 /* PassbookSample-Info.plist */ = {isa = PBXFileReference; lastKnownFileType = text.plist.xml; path = "PassbookSample-Info.plist"; sourceTree = "<group>"; };
		F690B83A170A85A6000A6639 /* en */ = {isa = PBXFileReference; lastKnownFileType = text.plist.strings; name = en; path = en.lproj/InfoPlist.strings; sourceTree = "<group>"; };
		F690B83C170A85A6000A6639 /* main.m */ = {isa = PBXFileReference; lastKnownFileType = sourcecode.c.objc; path = main.m; sourceTree = "<group>"; };
		F690B83E170A85A6000A6639 /* PassbookSample-Prefix.pch */ = {isa = PBXFileReference; lastKnownFileType = sourcecode.c.h; path = "PassbookSample-Prefix.pch"; sourceTree = "<group>"; };
		F690B83F170A85A6000A6639 /* VKardAppDelegate.h */ = {isa = PBXFileReference; lastKnownFileType = sourcecode.c.h; path = VKardAppDelegate.h; sourceTree = "<group>"; };
		F690B840170A85A6000A6639 /* VKardAppDelegate.m */ = {isa = PBXFileReference; lastKnownFileType = sourcecode.c.objc; path = VKardAppDelegate.m; sourceTree = "<group>"; };
		F690B842170A85A6000A6639 /* Default.png */ = {isa = PBXFileReference; lastKnownFileType = image.png; path = Default.png; sourceTree = "<group>"; };
		F690B844170A85A6000A6639 /* Default@2x.png */ = {isa = PBXFileReference; lastKnownFileType = image.png; path = "Default@2x.png"; sourceTree = "<group>"; };
		F690B846170A85A6000A6639 /* Default-568h@2x.png */ = {isa = PBXFileReference; lastKnownFileType = image.png; path = "Default-568h@2x.png"; sourceTree = "<group>"; };
		F690B848170A85A6000A6639 /* VKardViewController.h */ = {isa = PBXFileReference; lastKnownFileType = sourcecode.c.h; path = VKardViewController.h; sourceTree = "<group>"; };
		F690B849170A85A6000A6639 /* VKardViewController.m */ = {isa = PBXFileReference; lastKnownFileType = sourcecode.c.objc; path = VKardViewController.m; sourceTree = "<group>"; };
		F690B84C170A85A6000A6639 /* en */ = {isa = PBXFileReference; lastKnownFileType = file.xib; name = en; path = en.lproj/VKardViewController_iPhone.xib; sourceTree = "<group>"; };
		F690B84F170A85A7000A6639 /* en */ = {isa = PBXFileReference; lastKnownFileType = file.xib; name = en; path = en.lproj/VKardViewController_iPad.xib; sourceTree = "<group>"; };
		F690B857170A87B1000A6639 /* pass.json */ = {isa = PBXFileReference; fileEncoding = 4; lastKnownFileType = text.json; path = pass.json; sourceTree = "<group>"; };
		F690B859170A93C7000A6639 /* manifest.json */ = {isa = PBXFileReference; fileEncoding = 4; lastKnownFileType = text.json; path = manifest.json; sourceTree = "<group>"; };
		F690B85C170A97FF000A6639 /* Certificates.p12 */ = {isa = PBXFileReference; lastKnownFileType = file; path = Certificates.p12; sourceTree = "<group>"; };
		F690B85D170A98A4000A6639 /* WWDR.pem */ = {isa = PBXFileReference; lastKnownFileType = text; path = WWDR.pem; sourceTree = "<group>"; };
		F690B85E170A98D4000A6639 /* icon.png */ = {isa = PBXFileReference; lastKnownFileType = image.png; path = icon.png; sourceTree = "<group>"; };
		F690B85F170A98D4000A6639 /* icon@2x.png */ = {isa = PBXFileReference; lastKnownFileType = image.png; path = "icon@2x.png"; sourceTree = "<group>"; };
		F690B860170A98D4000A6639 /* logo.png */ = {isa = PBXFileReference; lastKnownFileType = image.png; path = logo.png; sourceTree = "<group>"; };
		F690B861170A98D4000A6639 /* logo@2x.png */ = {isa = PBXFileReference; lastKnownFileType = image.png; path = "logo@2x.png"; sourceTree = "<group>"; };
		F690B862170A98D4000A6639 /* strip.png */ = {isa = PBXFileReference; lastKnownFileType = image.png; path = strip.png; sourceTree = "<group>"; };
		F690B863170A98D5000A6639 /* strip@2x.png */ = {isa = PBXFileReference; lastKnownFileType = image.png; path = "strip@2x.png"; sourceTree = "<group>"; };
/* End PBXFileReference section */

/* Begin PBXFrameworksBuildPhase section */
		F690B82A170A85A6000A6639 /* Frameworks */ = {
			isa = PBXFrameworksBuildPhase;
			buildActionMask = 2147483647;
			files = (
				F690B831170A85A6000A6639 /* UIKit.framework in Frameworks */,
				F690B833170A85A6000A6639 /* Foundation.framework in Frameworks */,
				F690B835170A85A6000A6639 /* CoreGraphics.framework in Frameworks */,
			);
			runOnlyForDeploymentPostprocessing = 0;
		};
/* End PBXFrameworksBuildPhase section */

/* Begin PBXGroup section */
		F690B824170A85A6000A6639 = {
			isa = PBXGroup;
			children = (
				F690B856170A878E000A6639 /* pass */,
				F690B836170A85A6000A6639 /* PassbookSample */,
				F690B82F170A85A6000A6639 /* Frameworks */,
				F690B82E170A85A6000A6639 /* Products */,
			);
			sourceTree = "<group>";
		};
		F690B82E170A85A6000A6639 /* Products */ = {
			isa = PBXGroup;
			children = (
				F690B82D170A85A6000A6639 /* PassbookSample.app */,
			);
			name = Products;
			sourceTree = "<group>";
		};
		F690B82F170A85A6000A6639 /* Frameworks */ = {
			isa = PBXGroup;
			children = (
				F690B830170A85A6000A6639 /* UIKit.framework */,
				F690B832170A85A6000A6639 /* Foundation.framework */,
				F690B834170A85A6000A6639 /* CoreGraphics.framework */,
			);
			name = Frameworks;
			sourceTree = "<group>";
		};
		F690B836170A85A6000A6639 /* PassbookSample */ = {
			isa = PBXGroup;
			children = (
				F690B83F170A85A6000A6639 /* VKardAppDelegate.h */,
				F690B840170A85A6000A6639 /* VKardAppDelegate.m */,
				F690B848170A85A6000A6639 /* VKardViewController.h */,
				F690B849170A85A6000A6639 /* VKardViewController.m */,
				F690B84B170A85A6000A6639 /* VKardViewController_iPhone.xib */,
				F690B84E170A85A7000A6639 /* VKardViewController_iPad.xib */,
				F690B837170A85A6000A6639 /* Supporting Files */,
			);
			path = PassbookSample;
			sourceTree = "<group>";
		};
		F690B837170A85A6000A6639 /* Supporting Files */ = {
			isa = PBXGroup;
			children = (
				F690B838170A85A6000A6639 /* PassbookSample-Info.plist */,
				F690B839170A85A6000A6639 /* InfoPlist.strings */,
				F690B83C170A85A6000A6639 /* main.m */,
				F690B83E170A85A6000A6639 /* PassbookSample-Prefix.pch */,
				F690B842170A85A6000A6639 /* Default.png */,
				F690B844170A85A6000A6639 /* Default@2x.png */,
				F690B846170A85A6000A6639 /* Default-568h@2x.png */,
			);
			name = "Supporting Files";
			sourceTree = "<group>";
		};
		F690B856170A878E000A6639 /* pass */ = {
			isa = PBXGroup;
			children = (
				F690B85E170A98D4000A6639 /* icon.png */,
				F690B85F170A98D4000A6639 /* icon@2x.png */,
				F690B860170A98D4000A6639 /* logo.png */,
				F690B861170A98D4000A6639 /* logo@2x.png */,
				F690B862170A98D4000A6639 /* strip.png */,
				F690B863170A98D5000A6639 /* strip@2x.png */,
				F690B85D170A98A4000A6639 /* WWDR.pem */,
				F690B85C170A97FF000A6639 /* Certificates.p12 */,
				F690B859170A93C7000A6639 /* manifest.json */,
				F690B857170A87B1000A6639 /* pass.json */,
			);
			name = pass;
			sourceTree = "<group>";
		};
/* End PBXGroup section */

/* Begin PBXNativeTarget section */
		F690B82C170A85A6000A6639 /* PassbookSample */ = {
			isa = PBXNativeTarget;
			buildConfigurationList = F690B853170A85A7000A6639 /* Build configuration list for PBXNativeTarget "PassbookSample" */;
			buildPhases = (
				F690B829170A85A6000A6639 /* Sources */,
				F690B82A170A85A6000A6639 /* Frameworks */,
				F690B82B170A85A6000A6639 /* Resources */,
			);
			buildRules = (
			);
			dependencies = (
			);
			name = PassbookSample;
			productName = PassbookSample;
			productReference = F690B82D170A85A6000A6639 /* PassbookSample.app */;
			productType = "com.apple.product-type.application";
		};
/* End PBXNativeTarget section */

/* Begin PBXProject section */
		F690B825170A85A6000A6639 /* Project object */ = {
			isa = PBXProject;
			attributes = {
				CLASSPREFIX = VKard;
				LastUpgradeCheck = 0460;
				ORGANIZATIONNAME = "VisiKard MacBook Pro";
			};
			buildConfigurationList = F690B828170A85A6000A6639 /* Build configuration list for PBXProject "PassbookSample" */;
			compatibilityVersion = "Xcode 3.2";
			developmentRegion = English;
			hasScannedForEncodings = 0;
			knownRegions = (
				en,
			);
			mainGroup = F690B824170A85A6000A6639;
			productRefGroup = F690B82E170A85A6000A6639 /* Products */;
			projectDirPath = "";
			projectRoot = "";
			targets = (
				F690B82C170A85A6000A6639 /* PassbookSample */,
			);
		};
/* End PBXProject section */

/* Begin PBXResourcesBuildPhase section */
		F690B82B170A85A6000A6639 /* Resources */ = {
			isa = PBXResourcesBuildPhase;
			buildActionMask = 2147483647;
			files = (
				F690B83B170A85A6000A6639 /* InfoPlist.strings in Resources */,
				F690B843170A85A6000A6639 /* Default.png in Resources */,
				F690B845170A85A6000A6639 /* Default@2x.png in Resources */,
				F690B847170A85A6000A6639 /* Default-568h@2x.png in Resources */,
				F690B84D170A85A6000A6639 /* VKardViewController_iPhone.xib in Resources */,
				F690B850170A85A7000A6639 /* VKardViewController_iPad.xib in Resources */,
				F690B858170A87B1000A6639 /* pass.json in Resources */,
				F690B85A170A93C7000A6639 /* manifest.json in Resources */,
			);
			runOnlyForDeploymentPostprocessing = 0;
		};
/* End PBXResourcesBuildPhase section */

/* Begin PBXSourcesBuildPhase section */
		F690B829170A85A6000A6639 /* Sources */ = {
			isa = PBXSourcesBuildPhase;
			buildActionMask = 2147483647;
			files = (
				F690B83D170A85A6000A6639 /* main.m in Sources */,
				F690B841170A85A6000A6639 /* VKardAppDelegate.m in Sources */,
				F690B84A170A85A6000A6639 /* VKardViewController.m in Sources */,
			);
			runOnlyForDeploymentPostprocessing = 0;
		};
/* End PBXSourcesBuildPhase section */

/* Begin PBXVariantGroup section */
		F690B839170A85A6000A6639 /* InfoPlist.strings */ = {
			isa = PBXVariantGroup;
			children = (
				F690B83A170A85A6000A6639 /* en */,
			);
			name = InfoPlist.strings;
			sourceTree = "<group>";
		};
		F690B84B170A85A6000A6639 /* VKardViewController_iPhone.xib */ = {
			isa = PBXVariantGroup;
			children = (
				F690B84C170A85A6000A6639 /* en */,
			);
			name = VKardViewController_iPhone.xib;
			sourceTree = "<group>";
		};
		F690B84E170A85A7000A6639 /* VKardViewController_iPad.xib */ = {
			isa = PBXVariantGroup;
			children = (
				F690B84F170A85A7000A6639 /* en */,
			);
			name = VKardViewController_iPad.xib;
			sourceTree = "<group>";
		};
/* End PBXVariantGroup section */

/* Begin XCBuildConfiguration section */
		F690B851170A85A7000A6639 /* Debug */ = {
			isa = XCBuildConfiguration;
			buildSettings = {
				ALWAYS_SEARCH_USER_PATHS = NO;
				CLANG_CXX_LANGUAGE_STANDARD = "gnu++0x";
				CLANG_CXX_LIBRARY = "libc++";
				CLANG_ENABLE_OBJC_ARC = YES;
				CLANG_WARN_CONSTANT_CONVERSION = YES;
				CLANG_WARN_EMPTY_BODY = YES;
				CLANG_WARN_ENUM_CONVERSION = YES;
				CLANG_WARN_INT_CONVERSION = YES;
				CLANG_WARN__DUPLICATE_METHOD_MATCH = YES;
				"CODE_SIGN_IDENTITY[sdk=iphoneos*]" = "iPhone Developer";
				COPY_PHASE_STRIP = NO;
				GCC_C_LANGUAGE_STANDARD = gnu99;
				GCC_DYNAMIC_NO_PIC = NO;
				GCC_OPTIMIZATION_LEVEL = 0;
				GCC_PREPROCESSOR_DEFINITIONS = (
					"DEBUG=1",
					"$(inherited)",
				);
				GCC_SYMBOLS_PRIVATE_EXTERN = NO;
				GCC_WARN_ABOUT_RETURN_TYPE = YES;
				GCC_WARN_UNINITIALIZED_AUTOS = YES;
				GCC_WARN_UNUSED_VARIABLE = YES;
				IPHONEOS_DEPLOYMENT_TARGET = 6.1;
				ONLY_ACTIVE_ARCH = YES;
				SDKROOT = iphoneos;
				TARGETED_DEVICE_FAMILY = "1,2";
			};
			name = Debug;
		};
		F690B852170A85A7000A6639 /* Release */ = {
			isa = XCBuildConfiguration;
			buildSettings = {
				ALWAYS_SEARCH_USER_PATHS = NO;
				CLANG_CXX_LANGUAGE_STANDARD = "gnu++0x";
				CLANG_CXX_LIBRARY = "libc++";
				CLANG_ENABLE_OBJC_ARC = YES;
				CLANG_WARN_CONSTANT_CONVERSION = YES;
				CLANG_WARN_EMPTY_BODY = YES;
				CLANG_WARN_ENUM_CONVERSION = YES;
				CLANG_WARN_INT_CONVERSION = YES;
				CLANG_WARN__DUPLICATE_METHOD_MATCH = YES;
				"CODE_SIGN_IDENTITY[sdk=iphoneos*]" = "iPhone Developer";
				COPY_PHASE_STRIP = YES;
				GCC_C_LANGUAGE_STANDARD = gnu99;
				GCC_WARN_ABOUT_RETURN_TYPE = YES;
				GCC_WARN_UNINITIALIZED_AUTOS = YES;
				GCC_WARN_UNUSED_VARIABLE = YES;
				IPHONEOS_DEPLOYMENT_TARGET = 6.1;
				OTHER_CFLAGS = "-DNS_BLOCK_ASSERTIONS=1";
				SDKROOT = iphoneos;
				TARGETED_DEVICE_FAMILY = "1,2";
				VALIDATE_PRODUCT = YES;
			};
			name = Release;
		};
		F690B854170A85A7000A6639 /* Debug */ = {
			isa = XCBuildConfiguration;
			buildSettings = {
				GCC_PRECOMPILE_PREFIX_HEADER = YES;
				GCC_PREFIX_HEADER = "PassbookSample/PassbookSample-Prefix.pch";
				INFOPLIST_FILE = "PassbookSample/PassbookSample-Info.plist";
				PRODUCT_NAME = "$(TARGET_NAME)";
				WRAPPER_EXTENSION = app;
			};
			name = Debug;
		};
		F690B855170A85A7000A6639 /* Release */ = {
			isa = XCBuildConfiguration;
			buildSettings = {
				GCC_PRECOMPILE_PREFIX_HEADER = YES;
				GCC_PREFIX_HEADER = "PassbookSample/PassbookSample-Prefix.pch";
				INFOPLIST_FILE = "PassbookSample/PassbookSample-Info.plist";
				PRODUCT_NAME = "$(TARGET_NAME)";
				WRAPPER_EXTENSION = app;
			};
			name = Release;
		};
/* End XCBuildConfiguration section */

/* Begin XCConfigurationList section */
		F690B828170A85A6000A6639 /* Build configuration list for PBXProject "PassbookSample" */ = {
			isa = XCConfigurationList;
			buildConfigurations = (
				F690B851170A85A7000A6639 /* Debug */,
				F690B852170A85A7000A6639 /* Release */,
			);
			defaultConfigurationIsVisible = 0;
			defaultConfigurationName = Release;
		};
		F690B853170A85A7000A6639 /* Build configuration list for PBXNativeTarget "PassbookSample" */ = {
			isa = XCConfigurationList;
			buildConfigurations = (
				F690B854170A85A7000A6639 /* Debug */,
				F690B855170A85A7000A6639 /* Release */,
			);
			defaultConfigurationIsVisible = 0;
		};
/* End XCConfigurationList section */
	};
	rootObject = F690B825170A85A6000A6639 /* Project object */;
}
